
Microsoft Visual Studio Solution File, Format Version 12.00
# Visual Studio Version 16
VisualStudioVersion = 16.0.31424.327
MinimumVisualStudioVersion = 10.0.40219.1
Project("{FAE04EC0-301F-11D3-BF4B-00C04F79EFBC}") = "AOUT.Logan", "AOUT.Logan\AOUT.Logan.csproj", "{11EC884E-6D6F-45FB-9E63-EC9578AB500B}"
EndProject
Project("{FAE04EC0-301F-11D3-BF4B-00C04F79EFBC}") = "AOUT.Logan.Tests", "AOUT.Logan.Tests\AOUT.Logan.Tests.csproj", "{FA8ABDE3-C6A1-40C4-95CC-B0D6A43CA31E}"
EndProject
Global
	GlobalSection(SolutionConfigurationPlatforms) = preSolution
		Debug|Any CPU = Debug|Any CPU
		Release|Any CPU = Release|Any CPU
	EndGlobalSection
	GlobalSection(ProjectConfigurationPlatforms) = postSolution
		{11EC884E-6D6F-45FB-9E63-EC9578AB500B}.Debug|Any CPU.ActiveCfg = Debug|Any CPU
		{11EC884E-6D6F-45FB-9E63-EC9578AB500B}.Debug|Any CPU.Build.0 = Debug|Any CPU
		{11EC884E-6D6F-45FB-9E63-EC9578AB500B}.Release|Any CPU.ActiveCfg = Release|Any CPU
		{11EC884E-6D6F-45FB-9E63-EC9578AB500B}.Release|Any CPU.Build.0 = Release|Any CPU
		{FA8ABDE3-C6A1-40C4-95CC-B0D6A43CA31E}.Debug|Any CPU.ActiveCfg = Debug|Any CPU
		{FA8ABDE3-C6A1-40C4-95CC-B0D6A43CA31E}.Debug|Any CPU.Build.0 = Debug|Any CPU
		{FA8ABDE3-C6A1-40C4-95CC-B0D6A43CA31E}.Release|Any CPU.ActiveCfg = Release|Any CPU
		{FA8ABDE3-C6A1-40C4-95CC-B0D6A43CA31E}.Release|Any CPU.Build.0 = Release|Any CPU
	EndGlobalSection
	GlobalSection(SolutionProperties) = preSolution
		HideSolutionNode = FALSE
	EndGlobalSection
	GlobalSection(ExtensibilityGlobals) = postSolution
		SolutionGuid = {6F17ECE1-DF3A-4AFA-9FAB-B356A24FAFE5}
	EndGlobalSection
EndGlobal
